
Microsoft Visual Studio Solution File, Format Version 12.00
# Visual Studio Version 17
VisualStudioVersion = 17.0.31903.59
MinimumVisualStudioVersion = 10.0.40219.1
Project("{2150E333-8FDC-42A3-9474-1A3956D46DE8}") = "TESTS", "TESTS", "{5FFF25C8-1699-4C41-BD5A-F1D9DE96B9AC}"
EndProject
Project("{2150E333-8FDC-42A3-9474-1A3956D46DE8}") = "UnitTests", "UnitTests", "{AF614D40-60A0-4A63-8C16-68FAB6D5608F}"
EndProject
Project("{FAE04EC0-301F-11D3-BF4B-00C04F79EFBC}") = "General.UI.HTML.Basics.UnitTests", "TESTS\UnitTests\General.UI.HTML.Basics.UnitTests\General.UI.HTML.Basics.UnitTests.csproj", "{72D21DD6-644F-4527-9F27-3B152ED322A6}"
EndProject
Project("{2150E333-8FDC-42A3-9474-1A3956D46DE8}") = "_SRC", "_SRC", "{F5433D17-1058-46B0-9ACB-036E2491B471}"
EndProject
Project("{FAE04EC0-301F-11D3-BF4B-00C04F79EFBC}") = "General.UI.HTML.Basics", "_SRC\General.UI.HTML.Basics\General.UI.HTML.Basics.csproj", "{CED29052-758D-4975-A48D-A34D8436FD7D}"
EndProject
Global
	GlobalSection(SolutionConfigurationPlatforms) = preSolution
		Debug|Any CPU = Debug|Any CPU
		Release|Any CPU = Release|Any CPU
	EndGlobalSection
	GlobalSection(SolutionProperties) = preSolution
		HideSolutionNode = FALSE
	EndGlobalSection
	GlobalSection(ProjectConfigurationPlatforms) = postSolution
		{72D21DD6-644F-4527-9F27-3B152ED322A6}.Debug|Any CPU.ActiveCfg = Debug|Any CPU
		{72D21DD6-644F-4527-9F27-3B152ED322A6}.Debug|Any CPU.Build.0 = Debug|Any CPU
		{72D21DD6-644F-4527-9F27-3B152ED322A6}.Release|Any CPU.ActiveCfg = Release|Any CPU
		{72D21DD6-644F-4527-9F27-3B152ED322A6}.Release|Any CPU.Build.0 = Release|Any CPU
		{CED29052-758D-4975-A48D-A34D8436FD7D}.Debug|Any CPU.ActiveCfg = Debug|Any CPU
		{CED29052-758D-4975-A48D-A34D8436FD7D}.Debug|Any CPU.Build.0 = Debug|Any CPU
		{CED29052-758D-4975-A48D-A34D8436FD7D}.Release|Any CPU.ActiveCfg = Release|Any CPU
		{CED29052-758D-4975-A48D-A34D8436FD7D}.Release|Any CPU.Build.0 = Release|Any CPU
	EndGlobalSection
	GlobalSection(NestedProjects) = preSolution
		{AF614D40-60A0-4A63-8C16-68FAB6D5608F} = {5FFF25C8-1699-4C41-BD5A-F1D9DE96B9AC}
		{72D21DD6-644F-4527-9F27-3B152ED322A6} = {AF614D40-60A0-4A63-8C16-68FAB6D5608F}
		{CED29052-758D-4975-A48D-A34D8436FD7D} = {F5433D17-1058-46B0-9ACB-036E2491B471}
	EndGlobalSection
EndGlobal
